
Microsoft Visual Studio Solution File, Format Version 12.00
# Visual Studio Version 17
VisualStudioVersion = 17.11.35327.3
MinimumVisualStudioVersion = 10.0.40219.1
Project("{FAE04EC0-301F-11D3-BF4B-00C04F79EFBC}") = "FiniteStateAutomaton", "FiniteStateAutomaton\FiniteStateAutomaton.csproj", "{EAD196A4-D73E-4CC7-AB2F-4AFAC607DCDB}"
EndProject
Global
	GlobalSection(SolutionConfigurationPlatforms) = preSolution
		Debug|Any CPU = Debug|Any CPU
		Release|Any CPU = Release|Any CPU
	EndGlobalSection
	GlobalSection(ProjectConfigurationPlatforms) = postSolution
		{EAD196A4-D73E-4CC7-AB2F-4AFAC607DCDB}.Debug|Any CPU.ActiveCfg = Debug|Any CPU
		{EAD196A4-D73E-4CC7-AB2F-4AFAC607DCDB}.Debug|Any CPU.Build.0 = Debug|Any CPU
		{EAD196A4-D73E-4CC7-AB2F-4AFAC607DCDB}.Release|Any CPU.ActiveCfg = Release|Any CPU
		{EAD196A4-D73E-4CC7-AB2F-4AFAC607DCDB}.Release|Any CPU.Build.0 = Release|Any CPU
	EndGlobalSection
	GlobalSection(SolutionProperties) = preSolution
		HideSolutionNode = FALSE
	EndGlobalSection
	GlobalSection(ExtensibilityGlobals) = postSolution
		SolutionGuid = {E69A1182-6B68-4004-BD7E-DD384DBFAE52}
	EndGlobalSection
EndGlobal
